
Microsoft Visual Studio Solution File, Format Version 12.00
# Visual Studio 15
VisualStudioVersion = 15.0.26730.12
MinimumVisualStudioVersion = 10.0.40219.1
Project("{888888A0-9F3D-457C-B088-3A5042F75D52}") = "K2", "K2\K2.pyproj", "{2849F0A0-6F87-4DE7-825E-17827C401EE3}"
EndProject
Global
	GlobalSection(SolutionConfigurationPlatforms) = preSolution
		Debug|Any CPU = Debug|Any CPU
		Release|Any CPU = Release|Any CPU
	EndGlobalSection
	GlobalSection(ProjectConfigurationPlatforms) = postSolution
		{2849F0A0-6F87-4DE7-825E-17827C401EE3}.Debug|Any CPU.ActiveCfg = Debug|Any CPU
		{2849F0A0-6F87-4DE7-825E-17827C401EE3}.Release|Any CPU.ActiveCfg = Release|Any CPU
	EndGlobalSection
	GlobalSection(SolutionProperties) = preSolution
		HideSolutionNode = FALSE
	EndGlobalSection
	GlobalSection(ExtensibilityGlobals) = postSolution
		SolutionGuid = {54E900B7-32DF-43C0-82A9-A808A7615462}
	EndGlobalSection
EndGlobal
