
Microsoft Visual Studio Solution File, Format Version 12.00
# Visual Studio 15
VisualStudioVersion = 15.0.26403.7
MinimumVisualStudioVersion = 10.0.40219.1
Project("{FAE04EC0-301F-11D3-BF4B-00C04F79EFBC}") = "Kademlia", "Kademlia.csproj", "{07C0CD14-D301-44B4-8B1A-7FD5D68F03CB}"
EndProject
Project("{FAE04EC0-301F-11D3-BF4B-00C04F79EFBC}") = "Test", "..\Test\Test.csproj", "{7AB28C3C-C70F-47AA-BD18-EECE6846BA3B}"
EndProject
Project("{FAE04EC0-301F-11D3-BF4B-00C04F79EFBC}") = "Clifton.Kademlia", "..\..\Clifton.Kademlia\Clifton.Kademlia.csproj", "{09B2544A-C451-43CF-8BF0-7229601CF27B}"
EndProject
Project("{FAE04EC0-301F-11D3-BF4B-00C04F79EFBC}") = "UnitTests", "..\..\Clifton.Kademlia\UnitTests\UnitTests.csproj", "{EFA0342E-15F2-4D83-8D0B-EDAE32275500}"
EndProject
Global
	GlobalSection(SolutionConfigurationPlatforms) = preSolution
		Debug|Any CPU = Debug|Any CPU
		Debug|x86 = Debug|x86
		Release|Any CPU = Release|Any CPU
		Release|x86 = Release|x86
	EndGlobalSection
	GlobalSection(ProjectConfigurationPlatforms) = postSolution
		{07C0CD14-D301-44B4-8B1A-7FD5D68F03CB}.Debug|Any CPU.ActiveCfg = Debug|Any CPU
		{07C0CD14-D301-44B4-8B1A-7FD5D68F03CB}.Debug|Any CPU.Build.0 = Debug|Any CPU
		{07C0CD14-D301-44B4-8B1A-7FD5D68F03CB}.Debug|x86.ActiveCfg = Debug|Any CPU
		{07C0CD14-D301-44B4-8B1A-7FD5D68F03CB}.Debug|x86.Build.0 = Debug|Any CPU
		{07C0CD14-D301-44B4-8B1A-7FD5D68F03CB}.Release|Any CPU.ActiveCfg = Release|x86
		{07C0CD14-D301-44B4-8B1A-7FD5D68F03CB}.Release|x86.ActiveCfg = Release|x86
		{07C0CD14-D301-44B4-8B1A-7FD5D68F03CB}.Release|x86.Build.0 = Release|x86
		{7AB28C3C-C70F-47AA-BD18-EECE6846BA3B}.Debug|Any CPU.ActiveCfg = Debug|Any CPU
		{7AB28C3C-C70F-47AA-BD18-EECE6846BA3B}.Debug|Any CPU.Build.0 = Debug|Any CPU
		{7AB28C3C-C70F-47AA-BD18-EECE6846BA3B}.Debug|x86.ActiveCfg = Debug|Any CPU
		{7AB28C3C-C70F-47AA-BD18-EECE6846BA3B}.Debug|x86.Build.0 = Debug|Any CPU
		{7AB28C3C-C70F-47AA-BD18-EECE6846BA3B}.Release|Any CPU.ActiveCfg = Release|Any CPU
		{7AB28C3C-C70F-47AA-BD18-EECE6846BA3B}.Release|Any CPU.Build.0 = Release|Any CPU
		{7AB28C3C-C70F-47AA-BD18-EECE6846BA3B}.Release|x86.ActiveCfg = Release|Any CPU
		{7AB28C3C-C70F-47AA-BD18-EECE6846BA3B}.Release|x86.Build.0 = Release|Any CPU
		{09B2544A-C451-43CF-8BF0-7229601CF27B}.Debug|Any CPU.ActiveCfg = Debug|Any CPU
		{09B2544A-C451-43CF-8BF0-7229601CF27B}.Debug|Any CPU.Build.0 = Debug|Any CPU
		{09B2544A-C451-43CF-8BF0-7229601CF27B}.Debug|x86.ActiveCfg = Debug|Any CPU
		{09B2544A-C451-43CF-8BF0-7229601CF27B}.Debug|x86.Build.0 = Debug|Any CPU
		{09B2544A-C451-43CF-8BF0-7229601CF27B}.Release|Any CPU.ActiveCfg = Release|Any CPU
		{09B2544A-C451-43CF-8BF0-7229601CF27B}.Release|Any CPU.Build.0 = Release|Any CPU
		{09B2544A-C451-43CF-8BF0-7229601CF27B}.Release|x86.ActiveCfg = Release|Any CPU
		{09B2544A-C451-43CF-8BF0-7229601CF27B}.Release|x86.Build.0 = Release|Any CPU
		{EFA0342E-15F2-4D83-8D0B-EDAE32275500}.Debug|Any CPU.ActiveCfg = Debug|Any CPU
		{EFA0342E-15F2-4D83-8D0B-EDAE32275500}.Debug|Any CPU.Build.0 = Debug|Any CPU
		{EFA0342E-15F2-4D83-8D0B-EDAE32275500}.Debug|x86.ActiveCfg = Debug|Any CPU
		{EFA0342E-15F2-4D83-8D0B-EDAE32275500}.Debug|x86.Build.0 = Debug|Any CPU
		{EFA0342E-15F2-4D83-8D0B-EDAE32275500}.Release|Any CPU.ActiveCfg = Release|Any CPU
		{EFA0342E-15F2-4D83-8D0B-EDAE32275500}.Release|Any CPU.Build.0 = Release|Any CPU
		{EFA0342E-15F2-4D83-8D0B-EDAE32275500}.Release|x86.ActiveCfg = Release|Any CPU
		{EFA0342E-15F2-4D83-8D0B-EDAE32275500}.Release|x86.Build.0 = Release|Any CPU
	EndGlobalSection
	GlobalSection(SolutionProperties) = preSolution
		HideSolutionNode = FALSE
	EndGlobalSection
EndGlobal
